
Microsoft Visual Studio Solution File, Format Version 12.00
# Visual Studio 15
VisualStudioVersion = 15.0.28307.329
MinimumVisualStudioVersion = 10.0.40219.1
Project("{FAE04EC0-301F-11D3-BF4B-00C04F79EFBC}") = "BMICalculator", "WindowsFormsApp1\BMICalculator.csproj", "{C09109FF-82EB-402A-A1EE-E517856B29A3}"
EndProject
Global
	GlobalSection(SolutionConfigurationPlatforms) = preSolution
		Debug|Any CPU = Debug|Any CPU
		Release|Any CPU = Release|Any CPU
	EndGlobalSection
	GlobalSection(ProjectConfigurationPlatforms) = postSolution
		{C09109FF-82EB-402A-A1EE-E517856B29A3}.Debug|Any CPU.ActiveCfg = Debug|Any CPU
		{C09109FF-82EB-402A-A1EE-E517856B29A3}.Debug|Any CPU.Build.0 = Debug|Any CPU
		{C09109FF-82EB-402A-A1EE-E517856B29A3}.Release|Any CPU.ActiveCfg = Release|Any CPU
		{C09109FF-82EB-402A-A1EE-E517856B29A3}.Release|Any CPU.Build.0 = Release|Any CPU
	EndGlobalSection
	GlobalSection(SolutionProperties) = preSolution
		HideSolutionNode = FALSE
	EndGlobalSection
	GlobalSection(ExtensibilityGlobals) = postSolution
		SolutionGuid = {8B5386AE-7B13-42C2-9CB3-03CD6DB0A7FB}
	EndGlobalSection
EndGlobal
